
Microsoft Visual Studio Solution File, Format Version 12.00
# Visual Studio Version 16
VisualStudioVersion = 16.0.30330.147
MinimumVisualStudioVersion = 10.0.40219.1
Project("{FAE04EC0-301F-11D3-BF4B-00C04F79EFBC}") = "HACache", "NordstromAssignment\HACache.csproj", "{92803FA0-E25C-477F-B9A5-C1CCCEA61782}"
EndProject
Global
	GlobalSection(SolutionConfigurationPlatforms) = preSolution
		Debug|Any CPU = Debug|Any CPU
		Release|Any CPU = Release|Any CPU
	EndGlobalSection
	GlobalSection(ProjectConfigurationPlatforms) = postSolution
		{92803FA0-E25C-477F-B9A5-C1CCCEA61782}.Debug|Any CPU.ActiveCfg = Debug|Any CPU
		{92803FA0-E25C-477F-B9A5-C1CCCEA61782}.Debug|Any CPU.Build.0 = Debug|Any CPU
		{92803FA0-E25C-477F-B9A5-C1CCCEA61782}.Release|Any CPU.ActiveCfg = Release|Any CPU
		{92803FA0-E25C-477F-B9A5-C1CCCEA61782}.Release|Any CPU.Build.0 = Release|Any CPU
	EndGlobalSection
	GlobalSection(SolutionProperties) = preSolution
		HideSolutionNode = FALSE
	EndGlobalSection
	GlobalSection(ExtensibilityGlobals) = postSolution
		SolutionGuid = {8B78F2FB-FB58-4DCB-91AC-D7577891ED39}
	EndGlobalSection
EndGlobal
